
Microsoft Visual Studio Solution File, Format Version 12.00
# Visual Studio 15
VisualStudioVersion = 15.0.34526.175
MinimumVisualStudioVersion = 10.0.40219.1
Project("{FAE04EC0-301F-11D3-BF4B-00C04F79EFBC}") = "GVOLauncher", "GVOLauncher\GVOLauncher.csproj", "{2A68C5D7-31DE-472F-947D-EF60C0D400FC}"
EndProject
Global
	GlobalSection(SolutionConfigurationPlatforms) = preSolution
		Debug|Any CPU = Debug|Any CPU
		Release|Any CPU = Release|Any CPU
	EndGlobalSection
	GlobalSection(ProjectConfigurationPlatforms) = postSolution
		{2A68C5D7-31DE-472F-947D-EF60C0D400FC}.Debug|Any CPU.ActiveCfg = Debug|Any CPU
		{2A68C5D7-31DE-472F-947D-EF60C0D400FC}.Debug|Any CPU.Build.0 = Debug|Any CPU
		{2A68C5D7-31DE-472F-947D-EF60C0D400FC}.Release|Any CPU.ActiveCfg = Release|Any CPU
		{2A68C5D7-31DE-472F-947D-EF60C0D400FC}.Release|Any CPU.Build.0 = Release|Any CPU
	EndGlobalSection
	GlobalSection(SolutionProperties) = preSolution
		HideSolutionNode = FALSE
	EndGlobalSection
	GlobalSection(ExtensibilityGlobals) = postSolution
		SolutionGuid = {D7439DDC-1D5F-4087-9480-FCF65664D190}
	EndGlobalSection
EndGlobal
